
Microsoft Visual Studio Solution File, Format Version 12.00
# Visual Studio Version 17
VisualStudioVersion = 17.2.32602.215
MinimumVisualStudioVersion = 10.0.40219.1
Project("{9A19103F-16F7-4668-BE54-9A1E7A4F7556}") = "GarasAPP.API", "GarasAPP.API\GarasAPP.API.csproj", "{2CA9194C-5683-4CC4-ADD3-EA2AE7612491}"
EndProject
Project("{FAE04EC0-301F-11D3-BF4B-00C04F79EFBC}") = "GarasAPP.Core", "GarasAPP.Core\GarasAPP.Core.csproj", "{1F39F6E1-660F-44DA-B39C-62EDD4A21D62}"
EndProject
Project("{FAE04EC0-301F-11D3-BF4B-00C04F79EFBC}") = "GarasAPP.EntityFrameworkCore", "GarasAPP.EntityFrameworkCore\GarasAPP.EntityFrameworkCore.csproj", "{1D1F37AE-C43D-4562-A322-CD82CE7F5EB8}"
EndProject
Project("{2150E333-8FDC-42A3-9474-1A3956D46DE8}") = "Solution Items", "Solution Items", "{CB0E0E59-1394-4FAE-9F49-0617455280A8}"
	ProjectSection(SolutionItems) = preProject
		Dockerfile = Dockerfile
	EndProjectSection
EndProject
Global
	GlobalSection(SolutionConfigurationPlatforms) = preSolution
		Debug|Any CPU = Debug|Any CPU
		Release|Any CPU = Release|Any CPU
	EndGlobalSection
	GlobalSection(ProjectConfigurationPlatforms) = postSolution
		{2CA9194C-5683-4CC4-ADD3-EA2AE7612491}.Debug|Any CPU.ActiveCfg = Debug|Any CPU
		{2CA9194C-5683-4CC4-ADD3-EA2AE7612491}.Debug|Any CPU.Build.0 = Debug|Any CPU
		{2CA9194C-5683-4CC4-ADD3-EA2AE7612491}.Release|Any CPU.ActiveCfg = Release|Any CPU
		{2CA9194C-5683-4CC4-ADD3-EA2AE7612491}.Release|Any CPU.Build.0 = Release|Any CPU
		{1F39F6E1-660F-44DA-B39C-62EDD4A21D62}.Debug|Any CPU.ActiveCfg = Debug|Any CPU
		{1F39F6E1-660F-44DA-B39C-62EDD4A21D62}.Debug|Any CPU.Build.0 = Debug|Any CPU
		{1F39F6E1-660F-44DA-B39C-62EDD4A21D62}.Release|Any CPU.ActiveCfg = Release|Any CPU
		{1F39F6E1-660F-44DA-B39C-62EDD4A21D62}.Release|Any CPU.Build.0 = Release|Any CPU
		{1D1F37AE-C43D-4562-A322-CD82CE7F5EB8}.Debug|Any CPU.ActiveCfg = Debug|Any CPU
		{1D1F37AE-C43D-4562-A322-CD82CE7F5EB8}.Debug|Any CPU.Build.0 = Debug|Any CPU
		{1D1F37AE-C43D-4562-A322-CD82CE7F5EB8}.Release|Any CPU.ActiveCfg = Release|Any CPU
		{1D1F37AE-C43D-4562-A322-CD82CE7F5EB8}.Release|Any CPU.Build.0 = Release|Any CPU
	EndGlobalSection
	GlobalSection(SolutionProperties) = preSolution
		HideSolutionNode = FALSE
	EndGlobalSection
	GlobalSection(ExtensibilityGlobals) = postSolution
		SolutionGuid = {FDAA5D91-6DA9-4E6B-88E9-980FA99F2653}
	EndGlobalSection
EndGlobal
